// !$*UTF8*$!
{
	archiveVersion = 1;
	classes = {
	};
	objectVersion = 51;
	objects = {

/* Begin PBXBuildFile section */
		0E4BE08F23C3FABC005ABEB2 /* ReviewsViewController.swift in Sources */ = {isa = PBXBuildFile; fileRef = 0E4BE08E23C3FABC005ABEB2 /* ReviewsViewController.swift */; };
		0E4BE09123C3FB15005ABEB2 /* ReviewTableViewCell.swift in Sources */ = {isa = PBXBuildFile; fileRef = 0E4BE09023C3FB15005ABEB2 /* ReviewTableViewCell.swift */; };
		0E4BE09323C421A7005ABEB2 /* CastViewController.swift in Sources */ = {isa = PBXBuildFile; fileRef = 0E4BE09223C421A7005ABEB2 /* CastViewController.swift */; };
		0E4DBEE823CFF49C006313EF /* SeasonsViewController.swift in Sources */ = {isa = PBXBuildFile; fileRef = 0E4DBEE723CFF49C006313EF /* SeasonsViewController.swift */; };
		0E4DBEEA23CFF4CA006313EF /* SeasonEpisodesViewController.swift in Sources */ = {isa = PBXBuildFile; fileRef = 0E4DBEE923CFF4CA006313EF /* SeasonEpisodesViewController.swift */; };
		0E4DBEEC23D003B9006313EF /* EpisodeTableViewCell.swift in Sources */ = {isa = PBXBuildFile; fileRef = 0E4DBEEB23D003B9006313EF /* EpisodeTableViewCell.swift */; };
		0E4DBEEE23D003DE006313EF /* SeasonTableViewCell.swift in Sources */ = {isa = PBXBuildFile; fileRef = 0E4DBEED23D003DE006313EF /* SeasonTableViewCell.swift */; };
		0E70859123A7E8160041D5E2 /* AppDelegate.swift in Sources */ = {isa = PBXBuildFile; fileRef = 0E70859023A7E8160041D5E2 /* AppDelegate.swift */; };
		0E70859323A7E8160041D5E2 /* SceneDelegate.swift in Sources */ = {isa = PBXBuildFile; fileRef = 0E70859223A7E8160041D5E2 /* SceneDelegate.swift */; };
		0E70859523A7E8160041D5E2 /* MainViewController.swift in Sources */ = {isa = PBXBuildFile; fileRef = 0E70859423A7E8160041D5E2 /* MainViewController.swift */; };
		0E70859823A7E8160041D5E2 /* Main.storyboard in Resources */ = {isa = PBXBuildFile; fileRef = 0E70859623A7E8160041D5E2 /* Main.storyboard */; };
		0E70859A23A7E8190041D5E2 /* Assets.xcassets in Resources */ = {isa = PBXBuildFile; fileRef = 0E70859923A7E8190041D5E2 /* Assets.xcassets */; };
		0E70859D23A7E8190041D5E2 /* LaunchScreen.storyboard in Resources */ = {isa = PBXBuildFile; fileRef = 0E70859B23A7E8190041D5E2 /* LaunchScreen.storyboard */; };
		0E7085A523A7F11E0041D5E2 /* GoogleService-Info.plist in Resources */ = {isa = PBXBuildFile; fileRef = 0E7085A423A7F11E0041D5E2 /* GoogleService-Info.plist */; };
		0E7085AE23A7F5CA0041D5E2 /* Media.swift in Sources */ = {isa = PBXBuildFile; fileRef = 0E7085AD23A7F5CA0041D5E2 /* Media.swift */; };
		0E7085B123A7F76B0041D5E2 /* TMDBService.swift in Sources */ = {isa = PBXBuildFile; fileRef = 0E7085B023A7F76B0041D5E2 /* TMDBService.swift */; };
		0E7085B323A7F7A10041D5E2 /* TMDBUrls.swift in Sources */ = {isa = PBXBuildFile; fileRef = 0E7085B223A7F7A10041D5E2 /* TMDBUrls.swift */; };
		0E7085B523A7F7E00041D5E2 /* ImageProvider.swift in Sources */ = {isa = PBXBuildFile; fileRef = 0E7085B423A7F7E00041D5E2 /* ImageProvider.swift */; };
		0E7085B723A7F7F50041D5E2 /* VideoProvider.swift in Sources */ = {isa = PBXBuildFile; fileRef = 0E7085B623A7F7F50041D5E2 /* VideoProvider.swift */; };
		0E7085B923A7F8110041D5E2 /* Genre.swift in Sources */ = {isa = PBXBuildFile; fileRef = 0E7085B823A7F8110041D5E2 /* Genre.swift */; };
		0E7085BB23A7F8340041D5E2 /* Certification.swift in Sources */ = {isa = PBXBuildFile; fileRef = 0E7085BA23A7F8340041D5E2 /* Certification.swift */; };
		0E7085BD23A7F8560041D5E2 /* Review.swift in Sources */ = {isa = PBXBuildFile; fileRef = 0E7085BC23A7F8560041D5E2 /* Review.swift */; };
		0E7085BF23A7F8720041D5E2 /* Cast.swift in Sources */ = {isa = PBXBuildFile; fileRef = 0E7085BE23A7F8720041D5E2 /* Cast.swift */; };
		0E7085C123A7F88E0041D5E2 /* Trailer.swift in Sources */ = {isa = PBXBuildFile; fileRef = 0E7085C023A7F88E0041D5E2 /* Trailer.swift */; };
		0E7085C323A7F8C00041D5E2 /* AuthUtils.swift in Sources */ = {isa = PBXBuildFile; fileRef = 0E7085C223A7F8C00041D5E2 /* AuthUtils.swift */; };
		0E7085C523A7F9090041D5E2 /* UIUtils.swift in Sources */ = {isa = PBXBuildFile; fileRef = 0E7085C423A7F9090041D5E2 /* UIUtils.swift */; };
		0E7085C723A7F9350041D5E2 /* ImageScrollerManager.swift in Sources */ = {isa = PBXBuildFile; fileRef = 0E7085C623A7F9350041D5E2 /* ImageScrollerManager.swift */; };
		0E7085C923A7FA460041D5E2 /* SignInViewController.swift in Sources */ = {isa = PBXBuildFile; fileRef = 0E7085C823A7FA460041D5E2 /* SignInViewController.swift */; };
		0E7085CB23A7FA900041D5E2 /* SignUpViewController.swift in Sources */ = {isa = PBXBuildFile; fileRef = 0E7085CA23A7FA900041D5E2 /* SignUpViewController.swift */; };
		0E7085CD23A7FB520041D5E2 /* AccountViewController.swift in Sources */ = {isa = PBXBuildFile; fileRef = 0E7085CC23A7FB520041D5E2 /* AccountViewController.swift */; };
		0E7085CF23A7FBC50041D5E2 /* MediaViewBaseController.swift in Sources */ = {isa = PBXBuildFile; fileRef = 0E7085CE23A7FBC50041D5E2 /* MediaViewBaseController.swift */; };
		0E7085D223A7FFD60041D5E2 /* MediaTableViewCell.swift in Sources */ = {isa = PBXBuildFile; fileRef = 0E7085D123A7FFD60041D5E2 /* MediaTableViewCell.swift */; };
		0E7085D423A803FC0041D5E2 /* MoviesViewController.swift in Sources */ = {isa = PBXBuildFile; fileRef = 0E7085D323A803FC0041D5E2 /* MoviesViewController.swift */; };
		0E7085D623A804530041D5E2 /* ShowsViewController.swift in Sources */ = {isa = PBXBuildFile; fileRef = 0E7085D523A804530041D5E2 /* ShowsViewController.swift */; };
		0E7085D823A804830041D5E2 /* MediaDetailViewController.swift in Sources */ = {isa = PBXBuildFile; fileRef = 0E7085D723A804830041D5E2 /* MediaDetailViewController.swift */; };
		0E7085DA23A804F70041D5E2 /* ImageScrollerCollectionViewCell.swift in Sources */ = {isa = PBXBuildFile; fileRef = 0E7085D923A804F70041D5E2 /* ImageScrollerCollectionViewCell.swift */; };
		0E7085DE23A89F5E0041D5E2 /* FavoriteRecord.swift in Sources */ = {isa = PBXBuildFile; fileRef = 0E7085DD23A89F5E0041D5E2 /* FavoriteRecord.swift */; };
		0E7085E023A9A3D70041D5E2 /* NetUtils.swift in Sources */ = {isa = PBXBuildFile; fileRef = 0E7085DF23A9A3D70041D5E2 /* NetUtils.swift */; };
		0E7085E223A9BDC80041D5E2 /* MediaTabbarController.swift in Sources */ = {isa = PBXBuildFile; fileRef = 0E7085E123A9BDC80041D5E2 /* MediaTabbarController.swift */; };
		0E84104023C43C3A00BE6747 /* RoleTableViewCell.swift in Sources */ = {isa = PBXBuildFile; fileRef = 0E84103F23C43C3A00BE6747 /* RoleTableViewCell.swift */; };
		0E84104223C5853800BE6747 /* WatchlistViewController.swift in Sources */ = {isa = PBXBuildFile; fileRef = 0E84104123C5853800BE6747 /* WatchlistViewController.swift */; };
		0E84104423C69B7600BE6747 /* FirestoreService.swift in Sources */ = {isa = PBXBuildFile; fileRef = 0E84104323C69B7600BE6747 /* FirestoreService.swift */; };
		0E84104623C6A94800BE6747 /* SyncInfoRecord.swift in Sources */ = {isa = PBXBuildFile; fileRef = 0E84104523C6A94800BE6747 /* SyncInfoRecord.swift */; };
		0EF2632423AB174800C12B83 /* FavoriteViewController.swift in Sources */ = {isa = PBXBuildFile; fileRef = 0EF2632323AB174800C12B83 /* FavoriteViewController.swift */; };
		0EF2632623AB176B00C12B83 /* FavoriteCollectionCell.swift in Sources */ = {isa = PBXBuildFile; fileRef = 0EF2632523AB176B00C12B83 /* FavoriteCollectionCell.swift */; };
		58ACB1359E354B70ACC0957A /* Pods_Flixiago.framework in Frameworks */ = {isa = PBXBuildFile; fileRef = 9300F0570DEF137D2B64A614 /* Pods_Flixiago.framework */; };
/* End PBXBuildFile section */

/* Begin PBXFileReference section */
		0E4BE08E23C3FABC005ABEB2 /* ReviewsViewController.swift */ = {isa = PBXFileReference; lastKnownFileType = sourcecode.swift; path = ReviewsViewController.swift; sourceTree = "<group>"; };
		0E4BE09023C3FB15005ABEB2 /* ReviewTableViewCell.swift */ = {isa = PBXFileReference; lastKnownFileType = sourcecode.swift; path = ReviewTableViewCell.swift; sourceTree = "<group>"; };
		0E4BE09223C421A7005ABEB2 /* CastViewController.swift */ = {isa = PBXFileReference; lastKnownFileType = sourcecode.swift; path = CastViewController.swift; sourceTree = "<group>"; };
		0E4DBEE723CFF49C006313EF /* SeasonsViewController.swift */ = {isa = PBXFileReference; lastKnownFileType = sourcecode.swift; path = SeasonsViewController.swift; sourceTree = "<group>"; };
		0E4DBEE923CFF4CA006313EF /* SeasonEpisodesViewController.swift */ = {isa = PBXFileReference; lastKnownFileType = sourcecode.swift; path = SeasonEpisodesViewController.swift; sourceTree = "<group>"; };
		0E4DBEEB23D003B9006313EF /* EpisodeTableViewCell.swift */ = {isa = PBXFileReference; lastKnownFileType = sourcecode.swift; path = EpisodeTableViewCell.swift; sourceTree = "<group>"; };
		0E4DBEED23D003DE006313EF /* SeasonTableViewCell.swift */ = {isa = PBXFileReference; lastKnownFileType = sourcecode.swift; path = SeasonTableViewCell.swift; sourceTree = "<group>"; };
		0E70858D23A7E8160041D5E2 /* Flixiago.app */ = {isa = PBXFileReference; explicitFileType = wrapper.application; includeInIndex = 0; path = Flixiago.app; sourceTree = BUILT_PRODUCTS_DIR; };
		0E70859023A7E8160041D5E2 /* AppDelegate.swift */ = {isa = PBXFileReference; lastKnownFileType = sourcecode.swift; path = AppDelegate.swift; sourceTree = "<group>"; };
		0E70859223A7E8160041D5E2 /* SceneDelegate.swift */ = {isa = PBXFileReference; lastKnownFileType = sourcecode.swift; path = SceneDelegate.swift; sourceTree = "<group>"; };
		0E70859423A7E8160041D5E2 /* MainViewController.swift */ = {isa = PBXFileReference; lastKnownFileType = sourcecode.swift; path = MainViewController.swift; sourceTree = "<group>"; };
		0E70859723A7E8160041D5E2 /* Base */ = {isa = PBXFileReference; lastKnownFileType = file.storyboard; name = Base; path = Base.lproj/Main.storyboard; sourceTree = "<group>"; };
		0E70859923A7E8190041D5E2 /* Assets.xcassets */ = {isa = PBXFileReference; lastKnownFileType = folder.assetcatalog; path = Assets.xcassets; sourceTree = "<group>"; };
		0E70859C23A7E8190041D5E2 /* Base */ = {isa = PBXFileReference; lastKnownFileType = file.storyboard; name = Base; path = Base.lproj/LaunchScreen.storyboard; sourceTree = "<group>"; };
		0E70859E23A7E8190041D5E2 /* Info.plist */ = {isa = PBXFileReference; lastKnownFileType = text.plist.xml; path = Info.plist; sourceTree = "<group>"; };
		0E7085A423A7F11E0041D5E2 /* GoogleService-Info.plist */ = {isa = PBXFileReference; fileEncoding = 4; lastKnownFileType = text.plist.xml; path = "GoogleService-Info.plist"; sourceTree = "<group>"; };
		0E7085AD23A7F5CA0041D5E2 /* Media.swift */ = {isa = PBXFileReference; lastKnownFileType = sourcecode.swift; path = Media.swift; sourceTree = "<group>"; };
		0E7085B023A7F76B0041D5E2 /* TMDBService.swift */ = {isa = PBXFileReference; lastKnownFileType = sourcecode.swift; path = TMDBService.swift; sourceTree = "<group>"; };
		0E7085B223A7F7A10041D5E2 /* TMDBUrls.swift */ = {isa = PBXFileReference; lastKnownFileType = sourcecode.swift; path = TMDBUrls.swift; sourceTree = "<group>"; };
		0E7085B423A7F7E00041D5E2 /* ImageProvider.swift */ = {isa = PBXFileReference; lastKnownFileType = sourcecode.swift; path = ImageProvider.swift; sourceTree = "<group>"; };
		0E7085B623A7F7F50041D5E2 /* VideoProvider.swift */ = {isa = PBXFileReference; lastKnownFileType = sourcecode.swift; path = VideoProvider.swift; sourceTree = "<group>"; };
		0E7085B823A7F8110041D5E2 /* Genre.swift */ = {isa = PBXFileReference; lastKnownFileType = sourcecode.swift; path = Genre.swift; sourceTree = "<group>"; };
		0E7085BA23A7F8340041D5E2 /* Certification.swift */ = {isa = PBXFileReference; lastKnownFileType = sourcecode.swift; path = Certification.swift; sourceTree = "<group>"; };
		0E7085BC23A7F8560041D5E2 /* Review.swift */ = {isa = PBXFileReference; lastKnownFileType = sourcecode.swift; path = Review.swift; sourceTree = "<group>"; };
		0E7085BE23A7F8720041D5E2 /* Cast.swift */ = {isa = PBXFileReference; lastKnownFileType = sourcecode.swift; path = Cast.swift; sourceTree = "<group>"; };
		0E7085C023A7F88E0041D5E2 /* Trailer.swift */ = {isa = PBXFileReference; lastKnownFileType = sourcecode.swift; path = Trailer.swift; sourceTree = "<group>"; };
		0E7085C223A7F8C00041D5E2 /* AuthUtils.swift */ = {isa = PBXFileReference; lastKnownFileType = sourcecode.swift; path = AuthUtils.swift; sourceTree = "<group>"; };
		0E7085C423A7F9090041D5E2 /* UIUtils.swift */ = {isa = PBXFileReference; lastKnownFileType = sourcecode.swift; path = UIUtils.swift; sourceTree = "<group>"; };
		0E7085C623A7F9350041D5E2 /* ImageScrollerManager.swift */ = {isa = PBXFileReference; lastKnownFileType = sourcecode.swift; path = ImageScrollerManager.swift; sourceTree = "<group>"; };
		0E7085C823A7FA460041D5E2 /* SignInViewController.swift */ = {isa = PBXFileReference; lastKnownFileType = sourcecode.swift; path = SignInViewController.swift; sourceTree = "<group>"; };
		0E7085CA23A7FA900041D5E2 /* SignUpViewController.swift */ = {isa = PBXFileReference; lastKnownFileType = sourcecode.swift; path = SignUpViewController.swift; sourceTree = "<group>"; };
		0E7085CC23A7FB520041D5E2 /* AccountViewController.swift */ = {isa = PBXFileReference; lastKnownFileType = sourcecode.swift; path = AccountViewController.swift; sourceTree = "<group>"; };
		0E7085CE23A7FBC50041D5E2 /* MediaViewBaseController.swift */ = {isa = PBXFileReference; lastKnownFileType = sourcecode.swift; path = MediaViewBaseController.swift; sourceTree = "<group>"; };
		0E7085D123A7FFD60041D5E2 /* MediaTableViewCell.swift */ = {isa = PBXFileReference; lastKnownFileType = sourcecode.swift; path = MediaTableViewCell.swift; sourceTree = "<group>"; };
		0E7085D323A803FC0041D5E2 /* MoviesViewController.swift */ = {isa = PBXFileReference; lastKnownFileType = sourcecode.swift; path = MoviesViewController.swift; sourceTree = "<group>"; };
		0E7085D523A804530041D5E2 /* ShowsViewController.swift */ = {isa = PBXFileReference; lastKnownFileType = sourcecode.swift; path = ShowsViewController.swift; sourceTree = "<group>"; };
		0E7085D723A804830041D5E2 /* MediaDetailViewController.swift */ = {isa = PBXFileReference; lastKnownFileType = sourcecode.swift; path = MediaDetailViewController.swift; sourceTree = "<group>"; };
		0E7085D923A804F70041D5E2 /* ImageScrollerCollectionViewCell.swift */ = {isa = PBXFileReference; lastKnownFileType = sourcecode.swift; path = ImageScrollerCollectionViewCell.swift; sourceTree = "<group>"; };
		0E7085DD23A89F5E0041D5E2 /* FavoriteRecord.swift */ = {isa = PBXFileReference; lastKnownFileType = sourcecode.swift; path = FavoriteRecord.swift; sourceTree = "<group>"; };
		0E7085DF23A9A3D70041D5E2 /* NetUtils.swift */ = {isa = PBXFileReference; lastKnownFileType = sourcecode.swift; path = NetUtils.swift; sourceTree = "<group>"; };
		0E7085E123A9BDC80041D5E2 /* MediaTabbarController.swift */ = {isa = PBXFileReference; lastKnownFileType = sourcecode.swift; path = MediaTabbarController.swift; sourceTree = "<group>"; };
		0E84103F23C43C3A00BE6747 /* RoleTableViewCell.swift */ = {isa = PBXFileReference; lastKnownFileType = sourcecode.swift; path = RoleTableViewCell.swift; sourceTree = "<group>"; };
		0E84104123C5853800BE6747 /* WatchlistViewController.swift */ = {isa = PBXFileReference; lastKnownFileType = sourcecode.swift; path = WatchlistViewController.swift; sourceTree = "<group>"; };
		0E84104323C69B7600BE6747 /* FirestoreService.swift */ = {isa = PBXFileReference; lastKnownFileType = sourcecode.swift; path = FirestoreService.swift; sourceTree = "<group>"; };
		0E84104523C6A94800BE6747 /* SyncInfoRecord.swift */ = {isa = PBXFileReference; lastKnownFileType = sourcecode.swift; path = SyncInfoRecord.swift; sourceTree = "<group>"; };
		0EF2632323AB174800C12B83 /* FavoriteViewController.swift */ = {isa = PBXFileReference; lastKnownFileType = sourcecode.swift; path = FavoriteViewController.swift; sourceTree = "<group>"; };
		0EF2632523AB176B00C12B83 /* FavoriteCollectionCell.swift */ = {isa = PBXFileReference; lastKnownFileType = sourcecode.swift; path = FavoriteCollectionCell.swift; sourceTree = "<group>"; };
		9300F0570DEF137D2B64A614 /* Pods_Flixiago.framework */ = {isa = PBXFileReference; explicitFileType = wrapper.framework; includeInIndex = 0; path = Pods_Flixiago.framework; sourceTree = BUILT_PRODUCTS_DIR; };
		C7E4AB6AE9E900DA6D0E6F68 /* Pods-Flixiago.debug.xcconfig */ = {isa = PBXFileReference; includeInIndex = 1; lastKnownFileType = text.xcconfig; name = "Pods-Flixiago.debug.xcconfig"; path = "Target Support Files/Pods-Flixiago/Pods-Flixiago.debug.xcconfig"; sourceTree = "<group>"; };
		D1409171B94FFE2195EE2AE2 /* Pods-Flixiago.release.xcconfig */ = {isa = PBXFileReference; includeInIndex = 1; lastKnownFileType = text.xcconfig; name = "Pods-Flixiago.release.xcconfig"; path = "Target Support Files/Pods-Flixiago/Pods-Flixiago.release.xcconfig"; sourceTree = "<group>"; };
/* End PBXFileReference section */

/* Begin PBXFrameworksBuildPhase section */
		0E70858A23A7E8160041D5E2 /* Frameworks */ = {
			isa = PBXFrameworksBuildPhase;
			buildActionMask = 2147483647;
			files = (
				58ACB1359E354B70ACC0957A /* Pods_Flixiago.framework in Frameworks */,
			);
			runOnlyForDeploymentPostprocessing = 0;
		};
/* End PBXFrameworksBuildPhase section */

/* Begin PBXGroup section */
		0E70858423A7E8160041D5E2 = {
			isa = PBXGroup;
			children = (
				0E70858F23A7E8160041D5E2 /* Flixiago */,
				0E70858E23A7E8160041D5E2 /* Products */,
				CCA8BC6772365D77FB5CABE0 /* Pods */,
				350965CCFF284B5C183F499B /* Frameworks */,
			);
			sourceTree = "<group>";
		};
		0E70858E23A7E8160041D5E2 /* Products */ = {
			isa = PBXGroup;
			children = (
				0E70858D23A7E8160041D5E2 /* Flixiago.app */,
			);
			name = Products;
			sourceTree = "<group>";
		};
		0E70858F23A7E8160041D5E2 /* Flixiago */ = {
			isa = PBXGroup;
			children = (
				0E7085AB23A7F4AE0041D5E2 /* Delegates */,
				0E7085AC23A7F4FF0041D5E2 /* Services */,
				0E7085A623A7F45B0041D5E2 /* Models */,
				0E7085AF23A7F5D40041D5E2 /* Utilities */,
				0E7085A723A7F4600041D5E2 /* Views */,
				0E7085A923A7F4780041D5E2 /* Controllers */,
				0E7085D023A7FBF90041D5E2 /* Cells */,
				0E70859E23A7E8190041D5E2 /* Info.plist */,
				0E7085A423A7F11E0041D5E2 /* GoogleService-Info.plist */,
				0E70859923A7E8190041D5E2 /* Assets.xcassets */,
			);
			path = Flixiago;
			sourceTree = "<group>";
		};
		0E7085A623A7F45B0041D5E2 /* Models */ = {
			isa = PBXGroup;
			children = (
				0E7085AD23A7F5CA0041D5E2 /* Media.swift */,
				0E7085B823A7F8110041D5E2 /* Genre.swift */,
				0E7085BA23A7F8340041D5E2 /* Certification.swift */,
				0E7085BC23A7F8560041D5E2 /* Review.swift */,
				0E7085BE23A7F8720041D5E2 /* Cast.swift */,
				0E7085C023A7F88E0041D5E2 /* Trailer.swift */,
				0E7085DD23A89F5E0041D5E2 /* FavoriteRecord.swift */,
				0E84104523C6A94800BE6747 /* SyncInfoRecord.swift */,
			);
			path = Models;
			sourceTree = "<group>";
		};
		0E7085A723A7F4600041D5E2 /* Views */ = {
			isa = PBXGroup;
			children = (
				0E70859B23A7E8190041D5E2 /* LaunchScreen.storyboard */,
				0E70859623A7E8160041D5E2 /* Main.storyboard */,
			);
			path = Views;
			sourceTree = "<group>";
		};
		0E7085A923A7F4780041D5E2 /* Controllers */ = {
			isa = PBXGroup;
			children = (
				0E70859423A7E8160041D5E2 /* MainViewController.swift */,
				0E7085C823A7FA460041D5E2 /* SignInViewController.swift */,
				0E7085CA23A7FA900041D5E2 /* SignUpViewController.swift */,
				0E7085CC23A7FB520041D5E2 /* AccountViewController.swift */,
				0E7085CE23A7FBC50041D5E2 /* MediaViewBaseController.swift */,
				0E7085D323A803FC0041D5E2 /* MoviesViewController.swift */,
				0E7085D523A804530041D5E2 /* ShowsViewController.swift */,
				0E7085D723A804830041D5E2 /* MediaDetailViewController.swift */,
				0E7085E123A9BDC80041D5E2 /* MediaTabbarController.swift */,
				0EF2632323AB174800C12B83 /* FavoriteViewController.swift */,
				0E4BE08E23C3FABC005ABEB2 /* ReviewsViewController.swift */,
				0E4BE09223C421A7005ABEB2 /* CastViewController.swift */,
				0E84104123C5853800BE6747 /* WatchlistViewController.swift */,
				0E4DBEE723CFF49C006313EF /* SeasonsViewController.swift */,
				0E4DBEE923CFF4CA006313EF /* SeasonEpisodesViewController.swift */,
			);
			path = Controllers;
			sourceTree = "<group>";
		};
		0E7085AB23A7F4AE0041D5E2 /* Delegates */ = {
			isa = PBXGroup;
			children = (
				0E70859023A7E8160041D5E2 /* AppDelegate.swift */,
				0E70859223A7E8160041D5E2 /* SceneDelegate.swift */,
			);
			path = Delegates;
			sourceTree = "<group>";
		};
		0E7085AC23A7F4FF0041D5E2 /* Services */ = {
			isa = PBXGroup;
			children = (
				0E7085B023A7F76B0041D5E2 /* TMDBService.swift */,
				0E7085B223A7F7A10041D5E2 /* TMDBUrls.swift */,
				0E7085B423A7F7E00041D5E2 /* ImageProvider.swift */,
				0E7085B623A7F7F50041D5E2 /* VideoProvider.swift */,
				0E84104323C69B7600BE6747 /* FirestoreService.swift */,
			);
			path = Services;
			sourceTree = "<group>";
		};
		0E7085AF23A7F5D40041D5E2 /* Utilities */ = {
			isa = PBXGroup;
			children = (
				0E7085C223A7F8C00041D5E2 /* AuthUtils.swift */,
				0E7085C423A7F9090041D5E2 /* UIUtils.swift */,
				0E7085C623A7F9350041D5E2 /* ImageScrollerManager.swift */,
				0E7085DF23A9A3D70041D5E2 /* NetUtils.swift */,
			);
			path = Utilities;
			sourceTree = "<group>";
		};
		0E7085D023A7FBF90041D5E2 /* Cells */ = {
			isa = PBXGroup;
			children = (
				0E4DBEEB23D003B9006313EF /* EpisodeTableViewCell.swift */,
				0E4DBEED23D003DE006313EF /* SeasonTableViewCell.swift */,
				0E7085D123A7FFD60041D5E2 /* MediaTableViewCell.swift */,
				0E7085D923A804F70041D5E2 /* ImageScrollerCollectionViewCell.swift */,
				0EF2632523AB176B00C12B83 /* FavoriteCollectionCell.swift */,
				0E4BE09023C3FB15005ABEB2 /* ReviewTableViewCell.swift */,
				0E84103F23C43C3A00BE6747 /* RoleTableViewCell.swift */,
			);
			path = Cells;
			sourceTree = "<group>";
		};
		350965CCFF284B5C183F499B /* Frameworks */ = {
			isa = PBXGroup;
			children = (
				9300F0570DEF137D2B64A614 /* Pods_Flixiago.framework */,
			);
			name = Frameworks;
			sourceTree = "<group>";
		};
		CCA8BC6772365D77FB5CABE0 /* Pods */ = {
			isa = PBXGroup;
			children = (
				C7E4AB6AE9E900DA6D0E6F68 /* Pods-Flixiago.debug.xcconfig */,
				D1409171B94FFE2195EE2AE2 /* Pods-Flixiago.release.xcconfig */,
			);
			path = Pods;
			sourceTree = "<group>";
		};
/* End PBXGroup section */

/* Begin PBXNativeTarget section */
		0E70858C23A7E8160041D5E2 /* Flixiago */ = {
			isa = PBXNativeTarget;
			buildConfigurationList = 0E7085A123A7E8190041D5E2 /* Build configuration list for PBXNativeTarget "Flixiago" */;
			buildPhases = (
				98DF5885C60AF241517D1A24 /* [CP] Check Pods Manifest.lock */,
				0E70858923A7E8160041D5E2 /* Sources */,
				0E70858A23A7E8160041D5E2 /* Frameworks */,
				0E70858B23A7E8160041D5E2 /* Resources */,
				00302367BF1B06C4872F99B2 /* [CP] Embed Pods Frameworks */,
			);
			buildRules = (
			);
			dependencies = (
			);
			name = Flixiago;
			productName = Flixiago;
			productReference = 0E70858D23A7E8160041D5E2 /* Flixiago.app */;
			productType = "com.apple.product-type.application";
		};
/* End PBXNativeTarget section */

/* Begin PBXProject section */
		0E70858523A7E8160041D5E2 /* Project object */ = {
			isa = PBXProject;
			attributes = {
				LastSwiftUpdateCheck = 1130;
				LastUpgradeCheck = 1130;
				ORGANIZATIONNAME = "Norberto Taveras";
				TargetAttributes = {
					0E70858C23A7E8160041D5E2 = {
						CreatedOnToolsVersion = 11.3;
					};
				};
			};
			buildConfigurationList = 0E70858823A7E8160041D5E2 /* Build configuration list for PBXProject "Flixiago" */;
			compatibilityVersion = "Xcode 9.3";
			developmentRegion = en;
			hasScannedForEncodings = 0;
			knownRegions = (
				en,
				Base,
			);
			mainGroup = 0E70858423A7E8160041D5E2;
			productRefGroup = 0E70858E23A7E8160041D5E2 /* Products */;
			projectDirPath = "";
			projectRoot = "";
			targets = (
				0E70858C23A7E8160041D5E2 /* Flixiago */,
			);
		};
/* End PBXProject section */

/* Begin PBXResourcesBuildPhase section */
		0E70858B23A7E8160041D5E2 /* Resources */ = {
			isa = PBXResourcesBuildPhase;
			buildActionMask = 2147483647;
			files = (
				0E70859D23A7E8190041D5E2 /* LaunchScreen.storyboard in Resources */,
				0E7085A523A7F11E0041D5E2 /* GoogleService-Info.plist in Resources */,
				0E70859A23A7E8190041D5E2 /* Assets.xcassets in Resources */,
				0E70859823A7E8160041D5E2 /* Main.storyboard in Resources */,
			);
			runOnlyForDeploymentPostprocessing = 0;
		};
/* End PBXResourcesBuildPhase section */

/* Begin PBXShellScriptBuildPhase section */
		00302367BF1B06C4872F99B2 /* [CP] Embed Pods Frameworks */ = {
			isa = PBXShellScriptBuildPhase;
			buildActionMask = 2147483647;
			files = (
			);
			inputFileListPaths = (
				"${PODS_ROOT}/Target Support Files/Pods-Flixiago/Pods-Flixiago-frameworks-${CONFIGURATION}-input-files.xcfilelist",
			);
			name = "[CP] Embed Pods Frameworks";
			outputFileListPaths = (
				"${PODS_ROOT}/Target Support Files/Pods-Flixiago/Pods-Flixiago-frameworks-${CONFIGURATION}-output-files.xcfilelist",
			);
			runOnlyForDeploymentPostprocessing = 0;
			shellPath = /bin/sh;
			shellScript = "\"${PODS_ROOT}/Target Support Files/Pods-Flixiago/Pods-Flixiago-frameworks.sh\"\n";
			showEnvVarsInLog = 0;
		};
		98DF5885C60AF241517D1A24 /* [CP] Check Pods Manifest.lock */ = {
			isa = PBXShellScriptBuildPhase;
			buildActionMask = 2147483647;
			files = (
			);
			inputFileListPaths = (
			);
			inputPaths = (
				"${PODS_PODFILE_DIR_PATH}/Podfile.lock",
				"${PODS_ROOT}/Manifest.lock",
			);
			name = "[CP] Check Pods Manifest.lock";
			outputFileListPaths = (
			);
			outputPaths = (
				"$(DERIVED_FILE_DIR)/Pods-Flixiago-checkManifestLockResult.txt",
			);
			runOnlyForDeploymentPostprocessing = 0;
			shellPath = /bin/sh;
			shellScript = "diff \"${PODS_PODFILE_DIR_PATH}/Podfile.lock\" \"${PODS_ROOT}/Manifest.lock\" > /dev/null\nif [ $? != 0 ] ; then\n    # print error to STDERR\n    echo \"error: The sandbox is not in sync with the Podfile.lock. Run 'pod install' or update your CocoaPods installation.\" >&2\n    exit 1\nfi\n# This output is used by Xcode 'outputs' to avoid re-running this script phase.\necho \"SUCCESS\" > \"${SCRIPT_OUTPUT_FILE_0}\"\n";
			showEnvVarsInLog = 0;
		};
/* End PBXShellScriptBuildPhase section */

/* Begin PBXSourcesBuildPhase section */
		0E70858923A7E8160041D5E2 /* Sources */ = {
			isa = PBXSourcesBuildPhase;
			buildActionMask = 2147483647;
			files = (
				0E7085C523A7F9090041D5E2 /* UIUtils.swift in Sources */,
				0E7085B923A7F8110041D5E2 /* Genre.swift in Sources */,
				0E7085B723A7F7F50041D5E2 /* VideoProvider.swift in Sources */,
				0E4DBEE823CFF49C006313EF /* SeasonsViewController.swift in Sources */,
				0E7085C123A7F88E0041D5E2 /* Trailer.swift in Sources */,
				0E7085E023A9A3D70041D5E2 /* NetUtils.swift in Sources */,
				0E4DBEEE23D003DE006313EF /* SeasonTableViewCell.swift in Sources */,
				0E7085BB23A7F8340041D5E2 /* Certification.swift in Sources */,
				0E84104623C6A94800BE6747 /* SyncInfoRecord.swift in Sources */,
				0E7085B123A7F76B0041D5E2 /* TMDBService.swift in Sources */,
				0E7085DA23A804F70041D5E2 /* ImageScrollerCollectionViewCell.swift in Sources */,
				0E4DBEEA23CFF4CA006313EF /* SeasonEpisodesViewController.swift in Sources */,
				0E7085CB23A7FA900041D5E2 /* SignUpViewController.swift in Sources */,
				0E4BE09123C3FB15005ABEB2 /* ReviewTableViewCell.swift in Sources */,
				0E4BE08F23C3FABC005ABEB2 /* ReviewsViewController.swift in Sources */,
				0E7085D623A804530041D5E2 /* ShowsViewController.swift in Sources */,
				0E7085C323A7F8C00041D5E2 /* AuthUtils.swift in Sources */,
				0E84104023C43C3A00BE6747 /* RoleTableViewCell.swift in Sources */,
				0E7085DE23A89F5E0041D5E2 /* FavoriteRecord.swift in Sources */,
				0E7085C923A7FA460041D5E2 /* SignInViewController.swift in Sources */,
				0E4DBEEC23D003B9006313EF /* EpisodeTableViewCell.swift in Sources */,
				0E7085BF23A7F8720041D5E2 /* Cast.swift in Sources */,
				0E7085E223A9BDC80041D5E2 /* MediaTabbarController.swift in Sources */,
				0E4BE09323C421A7005ABEB2 /* CastViewController.swift in Sources */,
				0E70859523A7E8160041D5E2 /* MainViewController.swift in Sources */,
				0E7085D423A803FC0041D5E2 /* MoviesViewController.swift in Sources */,
				0E7085C723A7F9350041D5E2 /* ImageScrollerManager.swift in Sources */,
				0EF2632423AB174800C12B83 /* FavoriteViewController.swift in Sources */,
				0E7085CD23A7FB520041D5E2 /* AccountViewController.swift in Sources */,
				0E70859123A7E8160041D5E2 /* AppDelegate.swift in Sources */,
				0E84104423C69B7600BE6747 /* FirestoreService.swift in Sources */,
				0E7085BD23A7F8560041D5E2 /* Review.swift in Sources */,
				0E7085AE23A7F5CA0041D5E2 /* Media.swift in Sources */,
				0E7085B323A7F7A10041D5E2 /* TMDBUrls.swift in Sources */,
				0E7085B523A7F7E00041D5E2 /* ImageProvider.swift in Sources */,
				0EF2632623AB176B00C12B83 /* FavoriteCollectionCell.swift in Sources */,
				0E7085D823A804830041D5E2 /* MediaDetailViewController.swift in Sources */,
				0E84104223C5853800BE6747 /* WatchlistViewController.swift in Sources */,
				0E7085CF23A7FBC50041D5E2 /* MediaViewBaseController.swift in Sources */,
				0E7085D223A7FFD60041D5E2 /* MediaTableViewCell.swift in Sources */,
				0E70859323A7E8160041D5E2 /* SceneDelegate.swift in Sources */,
			);
			runOnlyForDeploymentPostprocessing = 0;
		};
/* End PBXSourcesBuildPhase section */

/* Begin PBXVariantGroup section */
		0E70859623A7E8160041D5E2 /* Main.storyboard */ = {
			isa = PBXVariantGroup;
			children = (
				0E70859723A7E8160041D5E2 /* Base */,
			);
			name = Main.storyboard;
			sourceTree = "<group>";
		};
		0E70859B23A7E8190041D5E2 /* LaunchScreen.storyboard */ = {
			isa = PBXVariantGroup;
			children = (
				0E70859C23A7E8190041D5E2 /* Base */,
			);
			name = LaunchScreen.storyboard;
			sourceTree = "<group>";
		};
/* End PBXVariantGroup section */

/* Begin XCBuildConfiguration section */
		0E70859F23A7E8190041D5E2 /* Debug */ = {
			isa = XCBuildConfiguration;
			buildSettings = {
				ALWAYS_SEARCH_USER_PATHS = NO;
				CLANG_ANALYZER_NONNULL = YES;
				CLANG_ANALYZER_NUMBER_OBJECT_CONVERSION = YES_AGGRESSIVE;
				CLANG_CXX_LANGUAGE_STANDARD = "gnu++14";
				CLANG_CXX_LIBRARY = "libc++";
				CLANG_ENABLE_MODULES = YES;
				CLANG_ENABLE_OBJC_ARC = YES;
				CLANG_ENABLE_OBJC_WEAK = YES;
				CLANG_WARN_BLOCK_CAPTURE_AUTORELEASING = YES;
				CLANG_WARN_BOOL_CONVERSION = YES;
				CLANG_WARN_COMMA = YES;
				CLANG_WARN_CONSTANT_CONVERSION = YES;
				CLANG_WARN_DEPRECATED_OBJC_IMPLEMENTATIONS = YES;
				CLANG_WARN_DIRECT_OBJC_ISA_USAGE = YES_ERROR;
				CLANG_WARN_DOCUMENTATION_COMMENTS = YES;
				CLANG_WARN_EMPTY_BODY = YES;
				CLANG_WARN_ENUM_CONVERSION = YES;
				CLANG_WARN_INFINITE_RECURSION = YES;
				CLANG_WARN_INT_CONVERSION = YES;
				CLANG_WARN_NON_LITERAL_NULL_CONVERSION = YES;
				CLANG_WARN_OBJC_IMPLICIT_RETAIN_SELF = YES;
				CLANG_WARN_OBJC_LITERAL_CONVERSION = YES;
				CLANG_WARN_OBJC_ROOT_CLASS = YES_ERROR;
				CLANG_WARN_RANGE_LOOP_ANALYSIS = YES;
				CLANG_WARN_STRICT_PROTOTYPES = YES;
				CLANG_WARN_SUSPICIOUS_MOVE = YES;
				CLANG_WARN_UNGUARDED_AVAILABILITY = YES_AGGRESSIVE;
				CLANG_WARN_UNREACHABLE_CODE = YES;
				CLANG_WARN__DUPLICATE_METHOD_MATCH = YES;
				COPY_PHASE_STRIP = NO;
				DEBUG_INFORMATION_FORMAT = dwarf;
				ENABLE_STRICT_OBJC_MSGSEND = YES;
				ENABLE_TESTABILITY = YES;
				GCC_C_LANGUAGE_STANDARD = gnu11;
				GCC_DYNAMIC_NO_PIC = NO;
				GCC_NO_COMMON_BLOCKS = YES;
				GCC_OPTIMIZATION_LEVEL = 0;
				GCC_PREPROCESSOR_DEFINITIONS = (
					"DEBUG=1",
					"$(inherited)",
				);
				GCC_WARN_64_TO_32_BIT_CONVERSION = YES;
				GCC_WARN_ABOUT_RETURN_TYPE = YES_ERROR;
				GCC_WARN_UNDECLARED_SELECTOR = YES;
				GCC_WARN_UNINITIALIZED_AUTOS = YES_AGGRESSIVE;
				GCC_WARN_UNUSED_FUNCTION = YES;
				GCC_WARN_UNUSED_VARIABLE = YES;
				IPHONEOS_DEPLOYMENT_TARGET = 13.0;
				MTL_ENABLE_DEBUG_INFO = INCLUDE_SOURCE;
				MTL_FAST_MATH = YES;
				ONLY_ACTIVE_ARCH = YES;
				SDKROOT = iphoneos;
				SWIFT_ACTIVE_COMPILATION_CONDITIONS = DEBUG;
				SWIFT_OPTIMIZATION_LEVEL = "-Onone";
			};
			name = Debug;
		};
		0E7085A023A7E8190041D5E2 /* Release */ = {
			isa = XCBuildConfiguration;
			buildSettings = {
				ALWAYS_SEARCH_USER_PATHS = NO;
				CLANG_ANALYZER_NONNULL = YES;
				CLANG_ANALYZER_NUMBER_OBJECT_CONVERSION = YES_AGGRESSIVE;
				CLANG_CXX_LANGUAGE_STANDARD = "gnu++14";
				CLANG_CXX_LIBRARY = "libc++";
				CLANG_ENABLE_MODULES = YES;
				CLANG_ENABLE_OBJC_ARC = YES;
				CLANG_ENABLE_OBJC_WEAK = YES;
				CLANG_WARN_BLOCK_CAPTURE_AUTORELEASING = YES;
				CLANG_WARN_BOOL_CONVERSION = YES;
				CLANG_WARN_COMMA = YES;
				CLANG_WARN_CONSTANT_CONVERSION = YES;
				CLANG_WARN_DEPRECATED_OBJC_IMPLEMENTATIONS = YES;
				CLANG_WARN_DIRECT_OBJC_ISA_USAGE = YES_ERROR;
				CLANG_WARN_DOCUMENTATION_COMMENTS = YES;
				CLANG_WARN_EMPTY_BODY = YES;
				CLANG_WARN_ENUM_CONVERSION = YES;
				CLANG_WARN_INFINITE_RECURSION = YES;
				CLANG_WARN_INT_CONVERSION = YES;
				CLANG_WARN_NON_LITERAL_NULL_CONVERSION = YES;
				CLANG_WARN_OBJC_IMPLICIT_RETAIN_SELF = YES;
				CLANG_WARN_OBJC_LITERAL_CONVERSION = YES;
				CLANG_WARN_OBJC_ROOT_CLASS = YES_ERROR;
				CLANG_WARN_RANGE_LOOP_ANALYSIS = YES;
				CLANG_WARN_STRICT_PROTOTYPES = YES;
				CLANG_WARN_SUSPICIOUS_MOVE = YES;
				CLANG_WARN_UNGUARDED_AVAILABILITY = YES_AGGRESSIVE;
				CLANG_WARN_UNREACHABLE_CODE = YES;
				CLANG_WARN__DUPLICATE_METHOD_MATCH = YES;
				COPY_PHASE_STRIP = NO;
				DEBUG_INFORMATION_FORMAT = "dwarf-with-dsym";
				ENABLE_NS_ASSERTIONS = NO;
				ENABLE_STRICT_OBJC_MSGSEND = YES;
				GCC_C_LANGUAGE_STANDARD = gnu11;
				GCC_NO_COMMON_BLOCKS = YES;
				GCC_WARN_64_TO_32_BIT_CONVERSION = YES;
				GCC_WARN_ABOUT_RETURN_TYPE = YES_ERROR;
				GCC_WARN_UNDECLARED_SELECTOR = YES;
				GCC_WARN_UNINITIALIZED_AUTOS = YES_AGGRESSIVE;
				GCC_WARN_UNUSED_FUNCTION = YES;
				GCC_WARN_UNUSED_VARIABLE = YES;
				IPHONEOS_DEPLOYMENT_TARGET = 13.0;
				MTL_ENABLE_DEBUG_INFO = NO;
				MTL_FAST_MATH = YES;
				SDKROOT = iphoneos;
				SWIFT_COMPILATION_MODE = wholemodule;
				SWIFT_OPTIMIZATION_LEVEL = "-O";
				VALIDATE_PRODUCT = YES;
			};
			name = Release;
		};
		0E7085A223A7E8190041D5E2 /* Debug */ = {
			isa = XCBuildConfiguration;
			baseConfigurationReference = C7E4AB6AE9E900DA6D0E6F68 /* Pods-Flixiago.debug.xcconfig */;
			buildSettings = {
				ASSETCATALOG_COMPILER_APPICON_NAME = AppIcon;
				CODE_SIGN_IDENTITY = "Apple Development";
				CODE_SIGN_STYLE = Automatic;
				DEVELOPMENT_TEAM = 8TZB36BTPB;
				INFOPLIST_FILE = Flixiago/Info.plist;
				IPHONEOS_DEPLOYMENT_TARGET = 13.0;
				LD_RUNPATH_SEARCH_PATHS = (
					"$(inherited)",
					"@executable_path/Frameworks",
				);
				PRODUCT_BUNDLE_IDENTIFIER = com.norbertotaveras.Flixiago;
				PRODUCT_NAME = "$(TARGET_NAME)";
				PROVISIONING_PROFILE_SPECIFIER = "";
				SWIFT_VERSION = 5.0;
				TARGETED_DEVICE_FAMILY = "1,2";
			};
			name = Debug;
		};
		0E7085A323A7E8190041D5E2 /* Release */ = {
			isa = XCBuildConfiguration;
			baseConfigurationReference = D1409171B94FFE2195EE2AE2 /* Pods-Flixiago.release.xcconfig */;
			buildSettings = {
				ASSETCATALOG_COMPILER_APPICON_NAME = AppIcon;
				CODE_SIGN_IDENTITY = "Apple Development";
				CODE_SIGN_STYLE = Automatic;
				DEVELOPMENT_TEAM = 8TZB36BTPB;
				INFOPLIST_FILE = Flixiago/Info.plist;
				IPHONEOS_DEPLOYMENT_TARGET = 13.0;
				LD_RUNPATH_SEARCH_PATHS = (
					"$(inherited)",
					"@executable_path/Frameworks",
				);
				PRODUCT_BUNDLE_IDENTIFIER = com.norbertotaveras.Flixiago;
				PRODUCT_NAME = "$(TARGET_NAME)";
				PROVISIONING_PROFILE_SPECIFIER = "";
				SWIFT_VERSION = 5.0;
				TARGETED_DEVICE_FAMILY = "1,2";
			};
			name = Release;
		};
/* End XCBuildConfiguration section */

/* Begin XCConfigurationList section */
		0E70858823A7E8160041D5E2 /* Build configuration list for PBXProject "Flixiago" */ = {
			isa = XCConfigurationList;
			buildConfigurations = (
				0E70859F23A7E8190041D5E2 /* Debug */,
				0E7085A023A7E8190041D5E2 /* Release */,
			);
			defaultConfigurationIsVisible = 0;
			defaultConfigurationName = Release;
		};
		0E7085A123A7E8190041D5E2 /* Build configuration list for PBXNativeTarget "Flixiago" */ = {
			isa = XCConfigurationList;
			buildConfigurations = (
				0E7085A223A7E8190041D5E2 /* Debug */,
				0E7085A323A7E8190041D5E2 /* Release */,
			);
			defaultConfigurationIsVisible = 0;
			defaultConfigurationName = Release;
		};
/* End XCConfigurationList section */
	};
	rootObject = 0E70858523A7E8160041D5E2 /* Project object */;
}
